
Microsoft Visual Studio Solution File, Format Version 12.00
# Visual Studio Version 17
VisualStudioVersion = 17.13.35931.197 d17.13
MinimumVisualStudioVersion = 10.0.40219.1
Project("{FAE04EC0-301F-11D3-BF4B-00C04F79EFBC}") = "SpdlogWrapperCSharp", "SpdlogWrapperCSharp\SpdlogWrapperCSharp.csproj", "{23671A61-917B-4BB5-A4D6-76AF5FD41F14}"
EndProject
Global
	GlobalSection(SolutionConfigurationPlatforms) = preSolution
		Debug|Any CPU = Debug|Any CPU
		Release|Any CPU = Release|Any CPU
	EndGlobalSection
	GlobalSection(ProjectConfigurationPlatforms) = postSolution
		{23671A61-917B-4BB5-A4D6-76AF5FD41F14}.Debug|Any CPU.ActiveCfg = Debug|Any CPU
		{23671A61-917B-4BB5-A4D6-76AF5FD41F14}.Debug|Any CPU.Build.0 = Debug|Any CPU
		{23671A61-917B-4BB5-A4D6-76AF5FD41F14}.Release|Any CPU.ActiveCfg = Release|Any CPU
		{23671A61-917B-4BB5-A4D6-76AF5FD41F14}.Release|Any CPU.Build.0 = Release|Any CPU
	EndGlobalSection
	GlobalSection(SolutionProperties) = preSolution
		HideSolutionNode = FALSE
	EndGlobalSection
	GlobalSection(ExtensibilityGlobals) = postSolution
		SolutionGuid = {2B0B9E1D-5499-401B-981B-8C524E242410}
	EndGlobalSection
EndGlobal
